
Microsoft Visual Studio Solution File, Format Version 12.00
# Visual Studio Version 16
VisualStudioVersion = 16.0.29318.209
MinimumVisualStudioVersion = 10.0.40219.1
Project("{FAE04EC0-301F-11D3-BF4B-00C04F79EFBC}") = "BinateCoveringProblem", "BinateCoveringProblem\BinateCoveringProblem.csproj", "{47FFE858-03F8-47D2-9CA2-F25387B1164D}"
EndProject
Project("{9A19103F-16F7-4668-BE54-9A1E7A4F7556}") = "BinateCoveringProblem.Core", "BinateCoveringProblem.Core\BinateCoveringProblem.Core.csproj", "{5F2A6586-5AA9-40A0-AA21-549C23B7E8A5}"
EndProject
Project("{9A19103F-16F7-4668-BE54-9A1E7A4F7556}") = "BinateCoveringProblem.Console", "BinateCoveringProblem.Console\BinateCoveringProblem.Console.csproj", "{2C977C3D-3FD1-4EC3-A337-00824C2232E6}"
EndProject
Project("{9A19103F-16F7-4668-BE54-9A1E7A4F7556}") = "BinateCoveringProblem.App", "BinateCoveringProblem.App\BinateCoveringProblem.App.csproj", "{5E552CDB-5076-4A89-9E53-2E06281C9513}"
EndProject
Global
	GlobalSection(SolutionConfigurationPlatforms) = preSolution
		Debug|Any CPU = Debug|Any CPU
		Release|Any CPU = Release|Any CPU
	EndGlobalSection
	GlobalSection(ProjectConfigurationPlatforms) = postSolution
		{47FFE858-03F8-47D2-9CA2-F25387B1164D}.Debug|Any CPU.ActiveCfg = Debug|Any CPU
		{47FFE858-03F8-47D2-9CA2-F25387B1164D}.Debug|Any CPU.Build.0 = Debug|Any CPU
		{47FFE858-03F8-47D2-9CA2-F25387B1164D}.Release|Any CPU.ActiveCfg = Release|Any CPU
		{47FFE858-03F8-47D2-9CA2-F25387B1164D}.Release|Any CPU.Build.0 = Release|Any CPU
		{5F2A6586-5AA9-40A0-AA21-549C23B7E8A5}.Debug|Any CPU.ActiveCfg = Debug|Any CPU
		{5F2A6586-5AA9-40A0-AA21-549C23B7E8A5}.Debug|Any CPU.Build.0 = Debug|Any CPU
		{5F2A6586-5AA9-40A0-AA21-549C23B7E8A5}.Release|Any CPU.ActiveCfg = Release|Any CPU
		{5F2A6586-5AA9-40A0-AA21-549C23B7E8A5}.Release|Any CPU.Build.0 = Release|Any CPU
		{2C977C3D-3FD1-4EC3-A337-00824C2232E6}.Debug|Any CPU.ActiveCfg = Debug|Any CPU
		{2C977C3D-3FD1-4EC3-A337-00824C2232E6}.Debug|Any CPU.Build.0 = Debug|Any CPU
		{2C977C3D-3FD1-4EC3-A337-00824C2232E6}.Release|Any CPU.ActiveCfg = Release|Any CPU
		{2C977C3D-3FD1-4EC3-A337-00824C2232E6}.Release|Any CPU.Build.0 = Release|Any CPU
		{5E552CDB-5076-4A89-9E53-2E06281C9513}.Debug|Any CPU.ActiveCfg = Debug|Any CPU
		{5E552CDB-5076-4A89-9E53-2E06281C9513}.Debug|Any CPU.Build.0 = Debug|Any CPU
		{5E552CDB-5076-4A89-9E53-2E06281C9513}.Release|Any CPU.ActiveCfg = Release|Any CPU
		{5E552CDB-5076-4A89-9E53-2E06281C9513}.Release|Any CPU.Build.0 = Release|Any CPU
	EndGlobalSection
	GlobalSection(SolutionProperties) = preSolution
		HideSolutionNode = FALSE
	EndGlobalSection
	GlobalSection(ExtensibilityGlobals) = postSolution
		SolutionGuid = {871DEA50-E6D0-483F-A264-EF95B9C1C77D}
	EndGlobalSection
EndGlobal
